
Microsoft Visual Studio Solution File, Format Version 12.00
# Visual Studio 2012
Project("{FAE04EC0-301F-11D3-BF4B-00C04F79EFBC}") = "LeagueTracker", "LeagueTracker\LeagueTracker.csproj", "{151FD21D-5B12-4DEF-BA44-9B059D5987FE}"
EndProject
Project("{FAE04EC0-301F-11D3-BF4B-00C04F79EFBC}") = "LeagueTracker.Tests", "LeagueTracker.Tests\LeagueTracker.Tests.csproj", "{DB3F5F7F-A525-43FE-98E2-CDA7AF34D59E}"
EndProject
Global
	GlobalSection(SolutionConfigurationPlatforms) = preSolution
		Debug|Any CPU = Debug|Any CPU
		Release|Any CPU = Release|Any CPU
	EndGlobalSection
	GlobalSection(ProjectConfigurationPlatforms) = postSolution
		{151FD21D-5B12-4DEF-BA44-9B059D5987FE}.Debug|Any CPU.ActiveCfg = Debug|Any CPU
		{151FD21D-5B12-4DEF-BA44-9B059D5987FE}.Debug|Any CPU.Build.0 = Debug|Any CPU
		{151FD21D-5B12-4DEF-BA44-9B059D5987FE}.Release|Any CPU.ActiveCfg = Release|Any CPU
		{151FD21D-5B12-4DEF-BA44-9B059D5987FE}.Release|Any CPU.Build.0 = Release|Any CPU
		{DB3F5F7F-A525-43FE-98E2-CDA7AF34D59E}.Debug|Any CPU.ActiveCfg = Debug|Any CPU
		{DB3F5F7F-A525-43FE-98E2-CDA7AF34D59E}.Debug|Any CPU.Build.0 = Debug|Any CPU
		{DB3F5F7F-A525-43FE-98E2-CDA7AF34D59E}.Release|Any CPU.ActiveCfg = Release|Any CPU
		{DB3F5F7F-A525-43FE-98E2-CDA7AF34D59E}.Release|Any CPU.Build.0 = Release|Any CPU
	EndGlobalSection
	GlobalSection(SolutionProperties) = preSolution
		HideSolutionNode = FALSE
	EndGlobalSection
EndGlobal
